
Microsoft Visual Studio Solution File, Format Version 12.00
# Visual Studio Version 17
VisualStudioVersion = 17.3.32929.385
MinimumVisualStudioVersion = 10.0.40219.1
Project("{FAE04EC0-301F-11D3-BF4B-00C04F79EFBC}") = "NutritionClinic1", "NutritionClinic1\NutritionClinic1.csproj", "{29979771-4A76-4FAC-BDC7-2198EF94DA84}"
EndProject
Global
	GlobalSection(SolutionConfigurationPlatforms) = preSolution
		Debug|Any CPU = Debug|Any CPU
		Release|Any CPU = Release|Any CPU
	EndGlobalSection
	GlobalSection(ProjectConfigurationPlatforms) = postSolution
		{29979771-4A76-4FAC-BDC7-2198EF94DA84}.Debug|Any CPU.ActiveCfg = Debug|Any CPU
		{29979771-4A76-4FAC-BDC7-2198EF94DA84}.Debug|Any CPU.Build.0 = Debug|Any CPU
		{29979771-4A76-4FAC-BDC7-2198EF94DA84}.Release|Any CPU.ActiveCfg = Release|Any CPU
		{29979771-4A76-4FAC-BDC7-2198EF94DA84}.Release|Any CPU.Build.0 = Release|Any CPU
	EndGlobalSection
	GlobalSection(SolutionProperties) = preSolution
		HideSolutionNode = FALSE
	EndGlobalSection
	GlobalSection(ExtensibilityGlobals) = postSolution
		SolutionGuid = {81510F4D-67F7-4E64-B335-737EE10E3626}
	EndGlobalSection
EndGlobal
